
Microsoft Visual Studio Solution File, Format Version 12.00
# Visual Studio Version 17
VisualStudioVersion = 17.5.002.0
MinimumVisualStudioVersion = 10.0.40219.1
Project("{9A19103F-16F7-4668-BE54-9A1E7A4F7556}") = "RenameSubtitles", "RenameSubtitles.csproj", "{FDFBFE10-8062-45BB-89F1-8B00E7697A81}"
EndProject
Global
	GlobalSection(SolutionConfigurationPlatforms) = preSolution
		Debug|Any CPU = Debug|Any CPU
		Release|Any CPU = Release|Any CPU
	EndGlobalSection
	GlobalSection(ProjectConfigurationPlatforms) = postSolution
		{FDFBFE10-8062-45BB-89F1-8B00E7697A81}.Debug|Any CPU.ActiveCfg = Debug|Any CPU
		{FDFBFE10-8062-45BB-89F1-8B00E7697A81}.Debug|Any CPU.Build.0 = Debug|Any CPU
		{FDFBFE10-8062-45BB-89F1-8B00E7697A81}.Release|Any CPU.ActiveCfg = Release|Any CPU
		{FDFBFE10-8062-45BB-89F1-8B00E7697A81}.Release|Any CPU.Build.0 = Release|Any CPU
	EndGlobalSection
	GlobalSection(SolutionProperties) = preSolution
		HideSolutionNode = FALSE
	EndGlobalSection
	GlobalSection(ExtensibilityGlobals) = postSolution
		SolutionGuid = {C5536D18-1F89-48D8-A07C-1A548A8806DB}
	EndGlobalSection
EndGlobal
